
Microsoft Visual Studio Solution File, Format Version 12.00
# Visual Studio 15
VisualStudioVersion = 15.0.28307.168
MinimumVisualStudioVersion = 10.0.40219.1
Project("{8BC9CEB8-8B4A-11D0-8D11-00A0C91BC942}") = "MazeMasterDll", "MazeMasterDll\MazeMasterDll.vcxproj", "{66FAE5CC-2FD6-4200-841A-4E5C5A0885C7}"
EndProject
Project("{8BC9CEB8-8B4A-11D0-8D11-00A0C91BC942}") = "UnitTest1", "UnitTest1\UnitTest1.vcxproj", "{DA1577DA-9E41-4D43-9E27-5CB633424CD6}"
EndProject
Global
	GlobalSection(SolutionConfigurationPlatforms) = preSolution
		Debug|x64 = Debug|x64
		Debug|x86 = Debug|x86
		Release|x64 = Release|x64
		Release|x86 = Release|x86
	EndGlobalSection
	GlobalSection(ProjectConfigurationPlatforms) = postSolution
		{66FAE5CC-2FD6-4200-841A-4E5C5A0885C7}.Debug|x64.ActiveCfg = Debug|x64
		{66FAE5CC-2FD6-4200-841A-4E5C5A0885C7}.Debug|x64.Build.0 = Debug|x64
		{66FAE5CC-2FD6-4200-841A-4E5C5A0885C7}.Debug|x86.ActiveCfg = Debug|Win32
		{66FAE5CC-2FD6-4200-841A-4E5C5A0885C7}.Debug|x86.Build.0 = Debug|Win32
		{66FAE5CC-2FD6-4200-841A-4E5C5A0885C7}.Release|x64.ActiveCfg = Release|x64
		{66FAE5CC-2FD6-4200-841A-4E5C5A0885C7}.Release|x64.Build.0 = Release|x64
		{66FAE5CC-2FD6-4200-841A-4E5C5A0885C7}.Release|x86.ActiveCfg = Release|Win32
		{66FAE5CC-2FD6-4200-841A-4E5C5A0885C7}.Release|x86.Build.0 = Release|Win32
		{DA1577DA-9E41-4D43-9E27-5CB633424CD6}.Debug|x64.ActiveCfg = Debug|x64
		{DA1577DA-9E41-4D43-9E27-5CB633424CD6}.Debug|x64.Build.0 = Debug|x64
		{DA1577DA-9E41-4D43-9E27-5CB633424CD6}.Debug|x86.ActiveCfg = Debug|Win32
		{DA1577DA-9E41-4D43-9E27-5CB633424CD6}.Debug|x86.Build.0 = Debug|Win32
		{DA1577DA-9E41-4D43-9E27-5CB633424CD6}.Release|x64.ActiveCfg = Release|x64
		{DA1577DA-9E41-4D43-9E27-5CB633424CD6}.Release|x64.Build.0 = Release|x64
		{DA1577DA-9E41-4D43-9E27-5CB633424CD6}.Release|x86.ActiveCfg = Release|Win32
		{DA1577DA-9E41-4D43-9E27-5CB633424CD6}.Release|x86.Build.0 = Release|Win32
	EndGlobalSection
	GlobalSection(SolutionProperties) = preSolution
		HideSolutionNode = FALSE
	EndGlobalSection
	GlobalSection(ExtensibilityGlobals) = postSolution
		SolutionGuid = {E98383AB-4785-40BD-8779-544C0F038BBF}
	EndGlobalSection
EndGlobal
